
Microsoft Visual Studio Solution File, Format Version 12.00
# Visual Studio Version 17
VisualStudioVersion = 17.4.33213.308
MinimumVisualStudioVersion = 10.0.40219.1
Project("{FAE04EC0-301F-11D3-BF4B-00C04F79EFBC}") = "File", "File.csproj", "{8CE321EC-13D5-445A-A42B-E3BE09F3B2F4}"
EndProject
Global
	GlobalSection(SolutionConfigurationPlatforms) = preSolution
		Debug|Any CPU = Debug|Any CPU
		Release|Any CPU = Release|Any CPU
	EndGlobalSection
	GlobalSection(ProjectConfigurationPlatforms) = postSolution
		{8CE321EC-13D5-445A-A42B-E3BE09F3B2F4}.Debug|Any CPU.ActiveCfg = Debug|Any CPU
		{8CE321EC-13D5-445A-A42B-E3BE09F3B2F4}.Debug|Any CPU.Build.0 = Debug|Any CPU
		{8CE321EC-13D5-445A-A42B-E3BE09F3B2F4}.Release|Any CPU.ActiveCfg = Release|Any CPU
		{8CE321EC-13D5-445A-A42B-E3BE09F3B2F4}.Release|Any CPU.Build.0 = Release|Any CPU
	EndGlobalSection
	GlobalSection(SolutionProperties) = preSolution
		HideSolutionNode = FALSE
	EndGlobalSection
	GlobalSection(ExtensibilityGlobals) = postSolution
		SolutionGuid = {D7F219C7-21BD-486F-BFC0-DBE5F97140F1}
	EndGlobalSection
EndGlobal
